// !$*UTF8*$!
{
	archiveVersion = 1;
	classes = {
	};
	objectVersion = 50;
	objects = {

/* Begin PBXBuildFile section */
		024B63E7237CDA18008D6217 /* AppDelegate.swift in Sources */ = {isa = PBXBuildFile; fileRef = 024B63E6237CDA18008D6217 /* AppDelegate.swift */; };
		024B63E9237CDA18008D6217 /* SceneDelegate.swift in Sources */ = {isa = PBXBuildFile; fileRef = 024B63E8237CDA18008D6217 /* SceneDelegate.swift */; };
		024B63EE237CDA18008D6217 /* Main.storyboard in Resources */ = {isa = PBXBuildFile; fileRef = 024B63EC237CDA18008D6217 /* Main.storyboard */; };
		024B63F0237CDA1C008D6217 /* Assets.xcassets in Resources */ = {isa = PBXBuildFile; fileRef = 024B63EF237CDA1C008D6217 /* Assets.xcassets */; };
		024B63F3237CDA1C008D6217 /* LaunchScreen.storyboard in Resources */ = {isa = PBXBuildFile; fileRef = 024B63F1237CDA1C008D6217 /* LaunchScreen.storyboard */; };
		024B63FB237CDB38008D6217 /* WordsTableViewController.swift in Sources */ = {isa = PBXBuildFile; fileRef = 024B63FA237CDB38008D6217 /* WordsTableViewController.swift */; };
		024B63FD237CDB6B008D6217 /* DefinitionViewController.swift in Sources */ = {isa = PBXBuildFile; fileRef = 024B63FC237CDB6B008D6217 /* DefinitionViewController.swift */; };
		024B6402237CE5C7008D6217 /* VocabularyWord.swift in Sources */ = {isa = PBXBuildFile; fileRef = 024B6401237CE5C7008D6217 /* VocabularyWord.swift */; };
/* End PBXBuildFile section */

/* Begin PBXFileReference section */
		024B63E3237CDA18008D6217 /* Swift Vocabulary.app */ = {isa = PBXFileReference; explicitFileType = wrapper.application; includeInIndex = 0; path = "Swift Vocabulary.app"; sourceTree = BUILT_PRODUCTS_DIR; };
		024B63E6237CDA18008D6217 /* AppDelegate.swift */ = {isa = PBXFileReference; lastKnownFileType = sourcecode.swift; path = AppDelegate.swift; sourceTree = "<group>"; };
		024B63E8237CDA18008D6217 /* SceneDelegate.swift */ = {isa = PBXFileReference; lastKnownFileType = sourcecode.swift; path = SceneDelegate.swift; sourceTree = "<group>"; };
		024B63ED237CDA18008D6217 /* Base */ = {isa = PBXFileReference; lastKnownFileType = file.storyboard; name = Base; path = Base.lproj/Main.storyboard; sourceTree = "<group>"; };
		024B63EF237CDA1C008D6217 /* Assets.xcassets */ = {isa = PBXFileReference; lastKnownFileType = folder.assetcatalog; path = Assets.xcassets; sourceTree = "<group>"; };
		024B63F2237CDA1C008D6217 /* Base */ = {isa = PBXFileReference; lastKnownFileType = file.storyboard; name = Base; path = Base.lproj/LaunchScreen.storyboard; sourceTree = "<group>"; };
		024B63F4237CDA1C008D6217 /* Info.plist */ = {isa = PBXFileReference; lastKnownFileType = text.plist.xml; path = Info.plist; sourceTree = "<group>"; };
		024B63FA237CDB38008D6217 /* WordsTableViewController.swift */ = {isa = PBXFileReference; lastKnownFileType = sourcecode.swift; path = WordsTableViewController.swift; sourceTree = "<group>"; };
		024B63FC237CDB6B008D6217 /* DefinitionViewController.swift */ = {isa = PBXFileReference; lastKnownFileType = sourcecode.swift; path = DefinitionViewController.swift; sourceTree = "<group>"; };
		024B6401237CE5C7008D6217 /* VocabularyWord.swift */ = {isa = PBXFileReference; lastKnownFileType = sourcecode.swift; path = VocabularyWord.swift; sourceTree = "<group>"; };
/* End PBXFileReference section */

/* Begin PBXFrameworksBuildPhase section */
		024B63E0237CDA18008D6217 /* Frameworks */ = {
			isa = PBXFrameworksBuildPhase;
			buildActionMask = 2147483647;
			files = (
			);
			runOnlyForDeploymentPostprocessing = 0;
		};
/* End PBXFrameworksBuildPhase section */

/* Begin PBXGroup section */
		024B63DA237CDA18008D6217 = {
			isa = PBXGroup;
			children = (
				024B63E5237CDA18008D6217 /* Swift Vocabulary */,
				024B63E4237CDA18008D6217 /* Products */,
			);
			sourceTree = "<group>";
		};
		024B63E4237CDA18008D6217 /* Products */ = {
			isa = PBXGroup;
			children = (
				024B63E3237CDA18008D6217 /* Swift Vocabulary.app */,
			);
			name = Products;
			sourceTree = "<group>";
		};
		024B63E5237CDA18008D6217 /* Swift Vocabulary */ = {
			isa = PBXGroup;
			children = (
				024B6400237CDBE9008D6217 /* View Controllers */,
				024B63FF237CDBC9008D6217 /* Storyboards */,
				024B63FE237CDB9A008D6217 /* Resources */,
				024B63F4237CDA1C008D6217 /* Info.plist */,
			);
			path = "Swift Vocabulary";
			sourceTree = "<group>";
		};
		024B63FE237CDB9A008D6217 /* Resources */ = {
			isa = PBXGroup;
			children = (
				024B63E6237CDA18008D6217 /* AppDelegate.swift */,
				024B63E8237CDA18008D6217 /* SceneDelegate.swift */,
				024B63EF237CDA1C008D6217 /* Assets.xcassets */,
			);
			path = Resources;
			sourceTree = "<group>";
		};
		024B63FF237CDBC9008D6217 /* Storyboards */ = {
			isa = PBXGroup;
			children = (
				024B63EC237CDA18008D6217 /* Main.storyboard */,
				024B63F1237CDA1C008D6217 /* LaunchScreen.storyboard */,
				024B6401237CE5C7008D6217 /* VocabularyWord.swift */,
			);
			path = Storyboards;
			sourceTree = "<group>";
		};
		024B6400237CDBE9008D6217 /* View Controllers */ = {
			isa = PBXGroup;
			children = (
				024B63FA237CDB38008D6217 /* WordsTableViewController.swift */,
				024B63FC237CDB6B008D6217 /* DefinitionViewController.swift */,
			);
			path = "View Controllers";
			sourceTree = "<group>";
		};
/* End PBXGroup section */

/* Begin PBXNativeTarget section */
		024B63E2237CDA18008D6217 /* Swift Vocabulary */ = {
			isa = PBXNativeTarget;
			buildConfigurationList = 024B63F7237CDA1C008D6217 /* Build configuration list for PBXNativeTarget "Swift Vocabulary" */;
			buildPhases = (
				024B63DF237CDA18008D6217 /* Sources */,
				024B63E0237CDA18008D6217 /* Frameworks */,
				024B63E1237CDA18008D6217 /* Resources */,
			);
			buildRules = (
			);
			dependencies = (
			);
			name = "Swift Vocabulary";
			productName = "Swift Vocabulary";
			productReference = 024B63E3237CDA18008D6217 /* Swift Vocabulary.app */;
			productType = "com.apple.product-type.application";
		};
/* End PBXNativeTarget section */

/* Begin PBXProject section */
		024B63DB237CDA18008D6217 /* Project object */ = {
			isa = PBXProject;
			attributes = {
				LastSwiftUpdateCheck = 1110;
				LastUpgradeCheck = 1110;
				ORGANIZATIONNAME = "Morgan Smith";
				TargetAttributes = {
					024B63E2237CDA18008D6217 = {
						CreatedOnToolsVersion = 11.1;
					};
				};
			};
			buildConfigurationList = 024B63DE237CDA18008D6217 /* Build configuration list for PBXProject "Swift Vocabulary" */;
			compatibilityVersion = "Xcode 9.3";
			developmentRegion = en;
			hasScannedForEncodings = 0;
			knownRegions = (
				en,
				Base,
			);
			mainGroup = 024B63DA237CDA18008D6217;
			productRefGroup = 024B63E4237CDA18008D6217 /* Products */;
			projectDirPath = "";
			projectRoot = "";
			targets = (
				024B63E2237CDA18008D6217 /* Swift Vocabulary */,
			);
		};
/* End PBXProject section */

/* Begin PBXResourcesBuildPhase section */
		024B63E1237CDA18008D6217 /* Resources */ = {
			isa = PBXResourcesBuildPhase;
			buildActionMask = 2147483647;
			files = (
				024B63F3237CDA1C008D6217 /* LaunchScreen.storyboard in Resources */,
				024B63F0237CDA1C008D6217 /* Assets.xcassets in Resources */,
				024B63EE237CDA18008D6217 /* Main.storyboard in Resources */,
			);
			runOnlyForDeploymentPostprocessing = 0;
		};
/* End PBXResourcesBuildPhase section */

/* Begin PBXSourcesBuildPhase section */
		024B63DF237CDA18008D6217 /* Sources */ = {
			isa = PBXSourcesBuildPhase;
			buildActionMask = 2147483647;
			files = (
				024B6402237CE5C7008D6217 /* VocabularyWord.swift in Sources */,
				024B63E7237CDA18008D6217 /* AppDelegate.swift in Sources */,
				024B63FD237CDB6B008D6217 /* DefinitionViewController.swift in Sources */,
				024B63E9237CDA18008D6217 /* SceneDelegate.swift in Sources */,
				024B63FB237CDB38008D6217 /* WordsTableViewController.swift in Sources */,
			);
			runOnlyForDeploymentPostprocessing = 0;
		};
/* End PBXSourcesBuildPhase section */

/* Begin PBXVariantGroup section */
		024B63EC237CDA18008D6217 /* Main.storyboard */ = {
			isa = PBXVariantGroup;
			children = (
				024B63ED237CDA18008D6217 /* Base */,
			);
			name = Main.storyboard;
			sourceTree = "<group>";
		};
		024B63F1237CDA1C008D6217 /* LaunchScreen.storyboard */ = {
			isa = PBXVariantGroup;
			children = (
				024B63F2237CDA1C008D6217 /* Base */,
			);
			name = LaunchScreen.storyboard;
			sourceTree = "<group>";
		};
/* End PBXVariantGroup section */

/* Begin XCBuildConfiguration section */
		024B63F5237CDA1C008D6217 /* Debug */ = {
			isa = XCBuildConfiguration;
			buildSettings = {
				ALWAYS_SEARCH_USER_PATHS = NO;
				CLANG_ANALYZER_NONNULL = YES;
				CLANG_ANALYZER_NUMBER_OBJECT_CONVERSION = YES_AGGRESSIVE;
				CLANG_CXX_LANGUAGE_STANDARD = "gnu++14";
				CLANG_CXX_LIBRARY = "libc++";
				CLANG_ENABLE_MODULES = YES;
				CLANG_ENABLE_OBJC_ARC = YES;
				CLANG_ENABLE_OBJC_WEAK = YES;
				CLANG_WARN_BLOCK_CAPTURE_AUTORELEASING = YES;
				CLANG_WARN_BOOL_CONVERSION = YES;
				CLANG_WARN_COMMA = YES;
				CLANG_WARN_CONSTANT_CONVERSION = YES;
				CLANG_WARN_DEPRECATED_OBJC_IMPLEMENTATIONS = YES;
				CLANG_WARN_DIRECT_OBJC_ISA_USAGE = YES_ERROR;
				CLANG_WARN_DOCUMENTATION_COMMENTS = YES;
				CLANG_WARN_EMPTY_BODY = YES;
				CLANG_WARN_ENUM_CONVERSION = YES;
				CLANG_WARN_INFINITE_RECURSION = YES;
				CLANG_WARN_INT_CONVERSION = YES;
				CLANG_WARN_NON_LITERAL_NULL_CONVERSION = YES;
				CLANG_WARN_OBJC_IMPLICIT_RETAIN_SELF = YES;
				CLANG_WARN_OBJC_LITERAL_CONVERSION = YES;
				CLANG_WARN_OBJC_ROOT_CLASS = YES_ERROR;
				CLANG_WARN_RANGE_LOOP_ANALYSIS = YES;
				CLANG_WARN_STRICT_PROTOTYPES = YES;
				CLANG_WARN_SUSPICIOUS_MOVE = YES;
				CLANG_WARN_UNGUARDED_AVAILABILITY = YES_AGGRESSIVE;
				CLANG_WARN_UNREACHABLE_CODE = YES;
				CLANG_WARN__DUPLICATE_METHOD_MATCH = YES;
				COPY_PHASE_STRIP = NO;
				DEBUG_INFORMATION_FORMAT = dwarf;
				ENABLE_STRICT_OBJC_MSGSEND = YES;
				ENABLE_TESTABILITY = YES;
				GCC_C_LANGUAGE_STANDARD = gnu11;
				GCC_DYNAMIC_NO_PIC = NO;
				GCC_NO_COMMON_BLOCKS = YES;
				GCC_OPTIMIZATION_LEVEL = 0;
				GCC_PREPROCESSOR_DEFINITIONS = (
					"DEBUG=1",
					"$(inherited)",
				);
				GCC_WARN_64_TO_32_BIT_CONVERSION = YES;
				GCC_WARN_ABOUT_RETURN_TYPE = YES_ERROR;
				GCC_WARN_UNDECLARED_SELECTOR = YES;
				GCC_WARN_UNINITIALIZED_AUTOS = YES_AGGRESSIVE;
				GCC_WARN_UNUSED_FUNCTION = YES;
				GCC_WARN_UNUSED_VARIABLE = YES;
				IPHONEOS_DEPLOYMENT_TARGET = 13.1;
				MTL_ENABLE_DEBUG_INFO = INCLUDE_SOURCE;
				MTL_FAST_MATH = YES;
				ONLY_ACTIVE_ARCH = YES;
				SDKROOT = iphoneos;
				SWIFT_ACTIVE_COMPILATION_CONDITIONS = DEBUG;
				SWIFT_OPTIMIZATION_LEVEL = "-Onone";
			};
			name = Debug;
		};
		024B63F6237CDA1C008D6217 /* Release */ = {
			isa = XCBuildConfiguration;
			buildSettings = {
				ALWAYS_SEARCH_USER_PATHS = NO;
				CLANG_ANALYZER_NONNULL = YES;
				CLANG_ANALYZER_NUMBER_OBJECT_CONVERSION = YES_AGGRESSIVE;
				CLANG_CXX_LANGUAGE_STANDARD = "gnu++14";
				CLANG_CXX_LIBRARY = "libc++";
				CLANG_ENABLE_MODULES = YES;
				CLANG_ENABLE_OBJC_ARC = YES;
				CLANG_ENABLE_OBJC_WEAK = YES;
				CLANG_WARN_BLOCK_CAPTURE_AUTORELEASING = YES;
				CLANG_WARN_BOOL_CONVERSION = YES;
				CLANG_WARN_COMMA = YES;
				CLANG_WARN_CONSTANT_CONVERSION = YES;
				CLANG_WARN_DEPRECATED_OBJC_IMPLEMENTATIONS = YES;
				CLANG_WARN_DIRECT_OBJC_ISA_USAGE = YES_ERROR;
				CLANG_WARN_DOCUMENTATION_COMMENTS = YES;
				CLANG_WARN_EMPTY_BODY = YES;
				CLANG_WARN_ENUM_CONVERSION = YES;
				CLANG_WARN_INFINITE_RECURSION = YES;
				CLANG_WARN_INT_CONVERSION = YES;
				CLANG_WARN_NON_LITERAL_NULL_CONVERSION = YES;
				CLANG_WARN_OBJC_IMPLICIT_RETAIN_SELF = YES;
				CLANG_WARN_OBJC_LITERAL_CONVERSION = YES;
				CLANG_WARN_OBJC_ROOT_CLASS = YES_ERROR;
				CLANG_WARN_RANGE_LOOP_ANALYSIS = YES;
				CLANG_WARN_STRICT_PROTOTYPES = YES;
				CLANG_WARN_SUSPICIOUS_MOVE = YES;
				CLANG_WARN_UNGUARDED_AVAILABILITY = YES_AGGRESSIVE;
				CLANG_WARN_UNREACHABLE_CODE = YES;
				CLANG_WARN__DUPLICATE_METHOD_MATCH = YES;
				COPY_PHASE_STRIP = NO;
				DEBUG_INFORMATION_FORMAT = "dwarf-with-dsym";
				ENABLE_NS_ASSERTIONS = NO;
				ENABLE_STRICT_OBJC_MSGSEND = YES;
				GCC_C_LANGUAGE_STANDARD = gnu11;
				GCC_NO_COMMON_BLOCKS = YES;
				GCC_WARN_64_TO_32_BIT_CONVERSION = YES;
				GCC_WARN_ABOUT_RETURN_TYPE = YES_ERROR;
				GCC_WARN_UNDECLARED_SELECTOR = YES;
				GCC_WARN_UNINITIALIZED_AUTOS = YES_AGGRESSIVE;
				GCC_WARN_UNUSED_FUNCTION = YES;
				GCC_WARN_UNUSED_VARIABLE = YES;
				IPHONEOS_DEPLOYMENT_TARGET = 13.1;
				MTL_ENABLE_DEBUG_INFO = NO;
				MTL_FAST_MATH = YES;
				SDKROOT = iphoneos;
				SWIFT_COMPILATION_MODE = wholemodule;
				SWIFT_OPTIMIZATION_LEVEL = "-O";
				VALIDATE_PRODUCT = YES;
			};
			name = Release;
		};
		024B63F8237CDA1C008D6217 /* Debug */ = {
			isa = XCBuildConfiguration;
			buildSettings = {
				ASSETCATALOG_COMPILER_APPICON_NAME = AppIcon;
				CODE_SIGN_STYLE = Automatic;
				INFOPLIST_FILE = "Swift Vocabulary/Info.plist";
				LD_RUNPATH_SEARCH_PATHS = (
					"$(inherited)",
					"@executable_path/Frameworks",
				);
				PRODUCT_BUNDLE_IDENTIFIER = "com.morgansmith.Swift-Vocabulary";
				PRODUCT_NAME = "$(TARGET_NAME)";
				SWIFT_VERSION = 5.0;
				TARGETED_DEVICE_FAMILY = "1,2";
			};
			name = Debug;
		};
		024B63F9237CDA1C008D6217 /* Release */ = {
			isa = XCBuildConfiguration;
			buildSettings = {
				ASSETCATALOG_COMPILER_APPICON_NAME = AppIcon;
				CODE_SIGN_STYLE = Automatic;
				INFOPLIST_FILE = "Swift Vocabulary/Info.plist";
				LD_RUNPATH_SEARCH_PATHS = (
					"$(inherited)",
					"@executable_path/Frameworks",
				);
				PRODUCT_BUNDLE_IDENTIFIER = "com.morgansmith.Swift-Vocabulary";
				PRODUCT_NAME = "$(TARGET_NAME)";
				SWIFT_VERSION = 5.0;
				TARGETED_DEVICE_FAMILY = "1,2";
			};
			name = Release;
		};
/* End XCBuildConfiguration section */

/* Begin XCConfigurationList section */
		024B63DE237CDA18008D6217 /* Build configuration list for PBXProject "Swift Vocabulary" */ = {
			isa = XCConfigurationList;
			buildConfigurations = (
				024B63F5237CDA1C008D6217 /* Debug */,
				024B63F6237CDA1C008D6217 /* Release */,
			);
			defaultConfigurationIsVisible = 0;
			defaultConfigurationName = Release;
		};
		024B63F7237CDA1C008D6217 /* Build configuration list for PBXNativeTarget "Swift Vocabulary" */ = {
			isa = XCConfigurationList;
			buildConfigurations = (
				024B63F8237CDA1C008D6217 /* Debug */,
				024B63F9237CDA1C008D6217 /* Release */,
			);
			defaultConfigurationIsVisible = 0;
			defaultConfigurationName = Release;
		};
/* End XCConfigurationList section */
	};
	rootObject = 024B63DB237CDA18008D6217 /* Project object */;
}
